
Microsoft Visual Studio Solution File, Format Version 12.00
# Visual Studio Version 17
VisualStudioVersion = 17.4.33205.214
MinimumVisualStudioVersion = 10.0.40219.1
Project("{9A19103F-16F7-4668-BE54-9A1E7A4F7556}") = "RockPaperScissors", "RockPaperScissors\RockPaperScissors.csproj", "{15D14A10-4FB6-41E9-855F-AEE497D34E9A}"
EndProject
Project("{2150E333-8FDC-42A3-9474-1A3956D46DE8}") = "Solution Items", "Solution Items", "{EBC9FC76-EB71-4C7D-A508-12869D04D77B}"
EndProject
Project("{FAE04EC0-301F-11D3-BF4B-00C04F79EFBC}") = "TestRockPaperScissors", "TestRockPaperScissors\TestRockPaperScissors.csproj", "{0985205D-B168-4B0A-9FF8-7F75A3BBDEF1}"
EndProject
Global
	GlobalSection(SolutionConfigurationPlatforms) = preSolution
		Debug|Any CPU = Debug|Any CPU
		Release|Any CPU = Release|Any CPU
	EndGlobalSection
	GlobalSection(ProjectConfigurationPlatforms) = postSolution
		{15D14A10-4FB6-41E9-855F-AEE497D34E9A}.Debug|Any CPU.ActiveCfg = Debug|Any CPU
		{15D14A10-4FB6-41E9-855F-AEE497D34E9A}.Debug|Any CPU.Build.0 = Debug|Any CPU
		{15D14A10-4FB6-41E9-855F-AEE497D34E9A}.Release|Any CPU.ActiveCfg = Release|Any CPU
		{15D14A10-4FB6-41E9-855F-AEE497D34E9A}.Release|Any CPU.Build.0 = Release|Any CPU
		{0985205D-B168-4B0A-9FF8-7F75A3BBDEF1}.Debug|Any CPU.ActiveCfg = Debug|Any CPU
		{0985205D-B168-4B0A-9FF8-7F75A3BBDEF1}.Debug|Any CPU.Build.0 = Debug|Any CPU
		{0985205D-B168-4B0A-9FF8-7F75A3BBDEF1}.Release|Any CPU.ActiveCfg = Release|Any CPU
		{0985205D-B168-4B0A-9FF8-7F75A3BBDEF1}.Release|Any CPU.Build.0 = Release|Any CPU
	EndGlobalSection
	GlobalSection(SolutionProperties) = preSolution
		HideSolutionNode = FALSE
	EndGlobalSection
	GlobalSection(NestedProjects) = preSolution
		{15D14A10-4FB6-41E9-855F-AEE497D34E9A} = {EBC9FC76-EB71-4C7D-A508-12869D04D77B}
	EndGlobalSection
	GlobalSection(ExtensibilityGlobals) = postSolution
		SolutionGuid = {F59A6907-D296-4C49-90D2-757099E88CA8}
	EndGlobalSection
EndGlobal
